
Microsoft Visual Studio Solution File, Format Version 12.00
Project("{FAE04EC0-301F-11D3-BF4B-00C04F79EFBC}") = "WebApplication2", "WebApplication2\WebApplication2.csproj", "{FFF86A90-9C13-474D-9A2C-F50D2A83CFE2}"
EndProject
Global
	GlobalSection(SolutionConfigurationPlatforms) = preSolution
		Debug|Any CPU = Debug|Any CPU
		Release|Any CPU = Release|Any CPU
	EndGlobalSection
	GlobalSection(ProjectConfigurationPlatforms) = postSolution
		{FFF86A90-9C13-474D-9A2C-F50D2A83CFE2}.Debug|Any CPU.ActiveCfg = Debug|Any CPU
		{FFF86A90-9C13-474D-9A2C-F50D2A83CFE2}.Debug|Any CPU.Build.0 = Debug|Any CPU
		{FFF86A90-9C13-474D-9A2C-F50D2A83CFE2}.Release|Any CPU.ActiveCfg = Release|Any CPU
		{FFF86A90-9C13-474D-9A2C-F50D2A83CFE2}.Release|Any CPU.Build.0 = Release|Any CPU
	EndGlobalSection
EndGlobal
